// !$*UTF8*$!
{
	archiveVersion = 1;
	classes = {
	};
	objectVersion = 46;
	objects = {

/* Begin PBXBuildFile section */
		544B57891B28B87900812908 /* statusitem.png in Resources */ = {isa = PBXBuildFile; fileRef = 544B57871B28B87900812908 /* statusitem.png */; };
		544B578A1B28B87900812908 /* statusitem@2x.png in Resources */ = {isa = PBXBuildFile; fileRef = 544B57881B28B87900812908 /* statusitem@2x.png */; };
		54899CD61B20D5BC00647101 /* AppDelegate.swift in Sources */ = {isa = PBXBuildFile; fileRef = 54899CD51B20D5BC00647101 /* AppDelegate.swift */; };
		54899CD81B20D5BC00647101 /* Images.xcassets in Resources */ = {isa = PBXBuildFile; fileRef = 54899CD71B20D5BC00647101 /* Images.xcassets */; };
		54899CDB1B20D5BC00647101 /* MainMenu.xib in Resources */ = {isa = PBXBuildFile; fileRef = 54899CD91B20D5BC00647101 /* MainMenu.xib */; };
		54899CE71B20D5BC00647101 /* FinickyTests.swift in Sources */ = {isa = PBXBuildFile; fileRef = 54899CE61B20D5BC00647101 /* FinickyTests.swift */; };
		54899CF11B20D5CC00647101 /* JavaScriptCore.framework in Frameworks */ = {isa = PBXBuildFile; fileRef = 54899CF01B20D5CC00647101 /* JavaScriptCore.framework */; };
		54899CF31B20D5D100647101 /* Cocoa.framework in Frameworks */ = {isa = PBXBuildFile; fileRef = 54899CF21B20D5D100647101 /* Cocoa.framework */; };
		548F11CC1B2A39F800FDDC3C /* finicky.icns in Resources */ = {isa = PBXBuildFile; fileRef = 548F11CB1B2A39F800FDDC3C /* finicky.icns */; };
		548F11CE1B2A43F700FDDC3C /* FNAPI.swift in Sources */ = {isa = PBXBuildFile; fileRef = 548F11CD1B2A43F700FDDC3C /* FNAPI.swift */; };
		54B0E7031B4678CE003F8AEE /* FNShortUrlResolver.swift in Sources */ = {isa = PBXBuildFile; fileRef = 54B0E7021B4678CE003F8AEE /* FNShortUrlResolver.swift */; };
		54E33FD71B24E27000998E13 /* FNConfigLoader.swift in Sources */ = {isa = PBXBuildFile; fileRef = 54E33FD61B24E27000998E13 /* FNConfigLoader.swift */; };
/* End PBXBuildFile section */

/* Begin PBXContainerItemProxy section */
		54899CE11B20D5BC00647101 /* PBXContainerItemProxy */ = {
			isa = PBXContainerItemProxy;
			containerPortal = 54899CC81B20D5BC00647101 /* Project object */;
			proxyType = 1;
			remoteGlobalIDString = 54899CCF1B20D5BC00647101;
			remoteInfo = Finicky;
		};
/* End PBXContainerItemProxy section */

/* Begin PBXFileReference section */
		544B57871B28B87900812908 /* statusitem.png */ = {isa = PBXFileReference; lastKnownFileType = image.png; path = statusitem.png; sourceTree = "<group>"; };
		544B57881B28B87900812908 /* statusitem@2x.png */ = {isa = PBXFileReference; lastKnownFileType = image.png; path = "statusitem@2x.png"; sourceTree = "<group>"; };
		54899CD01B20D5BC00647101 /* Finicky.app */ = {isa = PBXFileReference; explicitFileType = wrapper.application; includeInIndex = 0; path = Finicky.app; sourceTree = BUILT_PRODUCTS_DIR; };
		54899CD41B20D5BC00647101 /* Info.plist */ = {isa = PBXFileReference; lastKnownFileType = text.plist.xml; path = Info.plist; sourceTree = "<group>"; };
		54899CD51B20D5BC00647101 /* AppDelegate.swift */ = {isa = PBXFileReference; lastKnownFileType = sourcecode.swift; path = AppDelegate.swift; sourceTree = "<group>"; };
		54899CD71B20D5BC00647101 /* Images.xcassets */ = {isa = PBXFileReference; lastKnownFileType = folder.assetcatalog; path = Images.xcassets; sourceTree = "<group>"; };
		54899CDA1B20D5BC00647101 /* Base */ = {isa = PBXFileReference; lastKnownFileType = file.xib; name = Base; path = Base.lproj/MainMenu.xib; sourceTree = "<group>"; };
		54899CE01B20D5BC00647101 /* FinickyTests.xctest */ = {isa = PBXFileReference; explicitFileType = wrapper.cfbundle; includeInIndex = 0; path = FinickyTests.xctest; sourceTree = BUILT_PRODUCTS_DIR; };
		54899CE51B20D5BC00647101 /* Info.plist */ = {isa = PBXFileReference; lastKnownFileType = text.plist.xml; path = Info.plist; sourceTree = "<group>"; };
		54899CE61B20D5BC00647101 /* FinickyTests.swift */ = {isa = PBXFileReference; lastKnownFileType = sourcecode.swift; path = FinickyTests.swift; sourceTree = "<group>"; };
		54899CF01B20D5CC00647101 /* JavaScriptCore.framework */ = {isa = PBXFileReference; lastKnownFileType = wrapper.framework; name = JavaScriptCore.framework; path = System/Library/Frameworks/JavaScriptCore.framework; sourceTree = SDKROOT; };
		54899CF21B20D5D100647101 /* Cocoa.framework */ = {isa = PBXFileReference; lastKnownFileType = wrapper.framework; name = Cocoa.framework; path = System/Library/Frameworks/Cocoa.framework; sourceTree = SDKROOT; };
		548F11CB1B2A39F800FDDC3C /* finicky.icns */ = {isa = PBXFileReference; lastKnownFileType = image.icns; path = finicky.icns; sourceTree = "<group>"; };
		548F11CD1B2A43F700FDDC3C /* FNAPI.swift */ = {isa = PBXFileReference; fileEncoding = 4; lastKnownFileType = sourcecode.swift; path = FNAPI.swift; sourceTree = "<group>"; };
		54B0E7021B4678CE003F8AEE /* FNShortUrlResolver.swift */ = {isa = PBXFileReference; fileEncoding = 4; lastKnownFileType = sourcecode.swift; path = FNShortUrlResolver.swift; sourceTree = "<group>"; };
		54E33FD61B24E27000998E13 /* FNConfigLoader.swift */ = {isa = PBXFileReference; fileEncoding = 4; lastKnownFileType = sourcecode.swift; path = FNConfigLoader.swift; sourceTree = "<group>"; };
/* End PBXFileReference section */

/* Begin PBXFrameworksBuildPhase section */
		54899CCD1B20D5BC00647101 /* Frameworks */ = {
			isa = PBXFrameworksBuildPhase;
			buildActionMask = 2147483647;
			files = (
				54899CF31B20D5D100647101 /* Cocoa.framework in Frameworks */,
				54899CF11B20D5CC00647101 /* JavaScriptCore.framework in Frameworks */,
			);
			runOnlyForDeploymentPostprocessing = 0;
		};
		54899CDD1B20D5BC00647101 /* Frameworks */ = {
			isa = PBXFrameworksBuildPhase;
			buildActionMask = 2147483647;
			files = (
			);
			runOnlyForDeploymentPostprocessing = 0;
		};
/* End PBXFrameworksBuildPhase section */

/* Begin PBXGroup section */
		54899CC71B20D5BC00647101 = {
			isa = PBXGroup;
			children = (
				54899CD21B20D5BC00647101 /* Finicky */,
				54899CE31B20D5BC00647101 /* FinickyTests */,
				54899CD11B20D5BC00647101 /* Products */,
				54899CF41B20D5E800647101 /* Frameworks */,
			);
			sourceTree = "<group>";
		};
		54899CD11B20D5BC00647101 /* Products */ = {
			isa = PBXGroup;
			children = (
				54899CD01B20D5BC00647101 /* Finicky.app */,
				54899CE01B20D5BC00647101 /* FinickyTests.xctest */,
			);
			name = Products;
			sourceTree = "<group>";
		};
		54899CD21B20D5BC00647101 /* Finicky */ = {
			isa = PBXGroup;
			children = (
				548F11CB1B2A39F800FDDC3C /* finicky.icns */,
				544B57871B28B87900812908 /* statusitem.png */,
				544B57881B28B87900812908 /* statusitem@2x.png */,
				54899CD51B20D5BC00647101 /* AppDelegate.swift */,
				54899CD71B20D5BC00647101 /* Images.xcassets */,
				54899CD91B20D5BC00647101 /* MainMenu.xib */,
				54899CD31B20D5BC00647101 /* Supporting Files */,
				54E33FD61B24E27000998E13 /* FNConfigLoader.swift */,
				548F11CD1B2A43F700FDDC3C /* FNAPI.swift */,
				54B0E7021B4678CE003F8AEE /* FNShortUrlResolver.swift */,
			);
			path = Finicky;
			sourceTree = "<group>";
		};
		54899CD31B20D5BC00647101 /* Supporting Files */ = {
			isa = PBXGroup;
			children = (
				54899CD41B20D5BC00647101 /* Info.plist */,
			);
			name = "Supporting Files";
			sourceTree = "<group>";
		};
		54899CE31B20D5BC00647101 /* FinickyTests */ = {
			isa = PBXGroup;
			children = (
				54899CE61B20D5BC00647101 /* FinickyTests.swift */,
				54899CE41B20D5BC00647101 /* Supporting Files */,
			);
			path = FinickyTests;
			sourceTree = "<group>";
		};
		54899CE41B20D5BC00647101 /* Supporting Files */ = {
			isa = PBXGroup;
			children = (
				54899CE51B20D5BC00647101 /* Info.plist */,
			);
			name = "Supporting Files";
			sourceTree = "<group>";
		};
		54899CF41B20D5E800647101 /* Frameworks */ = {
			isa = PBXGroup;
			children = (
				54899CF01B20D5CC00647101 /* JavaScriptCore.framework */,
				54899CF21B20D5D100647101 /* Cocoa.framework */,
			);
			name = Frameworks;
			sourceTree = "<group>";
		};
/* End PBXGroup section */

/* Begin PBXNativeTarget section */
		54899CCF1B20D5BC00647101 /* Finicky */ = {
			isa = PBXNativeTarget;
			buildConfigurationList = 54899CEA1B20D5BC00647101 /* Build configuration list for PBXNativeTarget "Finicky" */;
			buildPhases = (
				54899CCC1B20D5BC00647101 /* Sources */,
				54899CCD1B20D5BC00647101 /* Frameworks */,
				54899CCE1B20D5BC00647101 /* Resources */,
			);
			buildRules = (
			);
			dependencies = (
			);
			name = Finicky;
			productName = Finicky;
			productReference = 54899CD01B20D5BC00647101 /* Finicky.app */;
			productType = "com.apple.product-type.application";
		};
		54899CDF1B20D5BC00647101 /* FinickyTests */ = {
			isa = PBXNativeTarget;
			buildConfigurationList = 54899CED1B20D5BC00647101 /* Build configuration list for PBXNativeTarget "FinickyTests" */;
			buildPhases = (
				54899CDC1B20D5BC00647101 /* Sources */,
				54899CDD1B20D5BC00647101 /* Frameworks */,
				54899CDE1B20D5BC00647101 /* Resources */,
			);
			buildRules = (
			);
			dependencies = (
				54899CE21B20D5BC00647101 /* PBXTargetDependency */,
			);
			name = FinickyTests;
			productName = FinickyTests;
			productReference = 54899CE01B20D5BC00647101 /* FinickyTests.xctest */;
			productType = "com.apple.product-type.bundle.unit-test";
		};
/* End PBXNativeTarget section */

/* Begin PBXProject section */
		54899CC81B20D5BC00647101 /* Project object */ = {
			isa = PBXProject;
			attributes = {
				LastUpgradeCheck = 0630;
				ORGANIZATIONNAME = "John sterling";
				TargetAttributes = {
					54899CCF1B20D5BC00647101 = {
						CreatedOnToolsVersion = 6.3;
					};
					54899CDF1B20D5BC00647101 = {
						CreatedOnToolsVersion = 6.3;
						TestTargetID = 54899CCF1B20D5BC00647101;
					};
				};
			};
			buildConfigurationList = 54899CCB1B20D5BC00647101 /* Build configuration list for PBXProject "Finicky" */;
			compatibilityVersion = "Xcode 3.2";
			developmentRegion = English;
			hasScannedForEncodings = 0;
			knownRegions = (
				en,
				Base,
			);
			mainGroup = 54899CC71B20D5BC00647101;
			productRefGroup = 54899CD11B20D5BC00647101 /* Products */;
			projectDirPath = "";
			projectRoot = "";
			targets = (
				54899CCF1B20D5BC00647101 /* Finicky */,
				54899CDF1B20D5BC00647101 /* FinickyTests */,
			);
		};
/* End PBXProject section */

/* Begin PBXResourcesBuildPhase section */
		54899CCE1B20D5BC00647101 /* Resources */ = {
			isa = PBXResourcesBuildPhase;
			buildActionMask = 2147483647;
			files = (
				544B57891B28B87900812908 /* statusitem.png in Resources */,
				544B578A1B28B87900812908 /* statusitem@2x.png in Resources */,
				548F11CC1B2A39F800FDDC3C /* finicky.icns in Resources */,
				54899CD81B20D5BC00647101 /* Images.xcassets in Resources */,
				54899CDB1B20D5BC00647101 /* MainMenu.xib in Resources */,
			);
			runOnlyForDeploymentPostprocessing = 0;
		};
		54899CDE1B20D5BC00647101 /* Resources */ = {
			isa = PBXResourcesBuildPhase;
			buildActionMask = 2147483647;
			files = (
			);
			runOnlyForDeploymentPostprocessing = 0;
		};
/* End PBXResourcesBuildPhase section */

/* Begin PBXSourcesBuildPhase section */
		54899CCC1B20D5BC00647101 /* Sources */ = {
			isa = PBXSourcesBuildPhase;
			buildActionMask = 2147483647;
			files = (
				54E33FD71B24E27000998E13 /* FNConfigLoader.swift in Sources */,
				54899CD61B20D5BC00647101 /* AppDelegate.swift in Sources */,
				54B0E7031B4678CE003F8AEE /* FNShortUrlResolver.swift in Sources */,
				548F11CE1B2A43F700FDDC3C /* FNAPI.swift in Sources */,
			);
			runOnlyForDeploymentPostprocessing = 0;
		};
		54899CDC1B20D5BC00647101 /* Sources */ = {
			isa = PBXSourcesBuildPhase;
			buildActionMask = 2147483647;
			files = (
				54899CE71B20D5BC00647101 /* FinickyTests.swift in Sources */,
			);
			runOnlyForDeploymentPostprocessing = 0;
		};
/* End PBXSourcesBuildPhase section */

/* Begin PBXTargetDependency section */
		54899CE21B20D5BC00647101 /* PBXTargetDependency */ = {
			isa = PBXTargetDependency;
			target = 54899CCF1B20D5BC00647101 /* Finicky */;
			targetProxy = 54899CE11B20D5BC00647101 /* PBXContainerItemProxy */;
		};
/* End PBXTargetDependency section */

/* Begin PBXVariantGroup section */
		54899CD91B20D5BC00647101 /* MainMenu.xib */ = {
			isa = PBXVariantGroup;
			children = (
				54899CDA1B20D5BC00647101 /* Base */,
			);
			name = MainMenu.xib;
			sourceTree = "<group>";
		};
/* End PBXVariantGroup section */

/* Begin XCBuildConfiguration section */
		54899CE81B20D5BC00647101 /* Debug */ = {
			isa = XCBuildConfiguration;
			buildSettings = {
				ALWAYS_SEARCH_USER_PATHS = NO;
				CLANG_CXX_LANGUAGE_STANDARD = "gnu++0x";
				CLANG_CXX_LIBRARY = "libc++";
				CLANG_ENABLE_MODULES = YES;
				CLANG_ENABLE_OBJC_ARC = YES;
				CLANG_WARN_BOOL_CONVERSION = YES;
				CLANG_WARN_CONSTANT_CONVERSION = YES;
				CLANG_WARN_DIRECT_OBJC_ISA_USAGE = YES_ERROR;
				CLANG_WARN_EMPTY_BODY = YES;
				CLANG_WARN_ENUM_CONVERSION = YES;
				CLANG_WARN_INT_CONVERSION = YES;
				CLANG_WARN_OBJC_ROOT_CLASS = YES_ERROR;
				CLANG_WARN_UNREACHABLE_CODE = YES;
				CLANG_WARN__DUPLICATE_METHOD_MATCH = YES;
				CODE_SIGN_IDENTITY = "-";
				COPY_PHASE_STRIP = NO;
				DEBUG_INFORMATION_FORMAT = dwarf;
				ENABLE_STRICT_OBJC_MSGSEND = YES;
				GCC_C_LANGUAGE_STANDARD = gnu99;
				GCC_DYNAMIC_NO_PIC = NO;
				GCC_NO_COMMON_BLOCKS = YES;
				GCC_OPTIMIZATION_LEVEL = 0;
				GCC_PREPROCESSOR_DEFINITIONS = (
					"DEBUG=1",
					"$(inherited)",
				);
				GCC_SYMBOLS_PRIVATE_EXTERN = NO;
				GCC_WARN_64_TO_32_BIT_CONVERSION = YES;
				GCC_WARN_ABOUT_RETURN_TYPE = YES_ERROR;
				GCC_WARN_UNDECLARED_SELECTOR = YES;
				GCC_WARN_UNINITIALIZED_AUTOS = YES_AGGRESSIVE;
				GCC_WARN_UNUSED_FUNCTION = YES;
				GCC_WARN_UNUSED_VARIABLE = YES;
				MACOSX_DEPLOYMENT_TARGET = 10.10;
				MTL_ENABLE_DEBUG_INFO = YES;
				ONLY_ACTIVE_ARCH = YES;
				SDKROOT = macosx;
				SWIFT_OPTIMIZATION_LEVEL = "-Onone";
			};
			name = Debug;
		};
		54899CE91B20D5BC00647101 /* Release */ = {
			isa = XCBuildConfiguration;
			buildSettings = {
				ALWAYS_SEARCH_USER_PATHS = NO;
				CLANG_CXX_LANGUAGE_STANDARD = "gnu++0x";
				CLANG_CXX_LIBRARY = "libc++";
				CLANG_ENABLE_MODULES = YES;
				CLANG_ENABLE_OBJC_ARC = YES;
				CLANG_WARN_BOOL_CONVERSION = YES;
				CLANG_WARN_CONSTANT_CONVERSION = YES;
				CLANG_WARN_DIRECT_OBJC_ISA_USAGE = YES_ERROR;
				CLANG_WARN_EMPTY_BODY = YES;
				CLANG_WARN_ENUM_CONVERSION = YES;
				CLANG_WARN_INT_CONVERSION = YES;
				CLANG_WARN_OBJC_ROOT_CLASS = YES_ERROR;
				CLANG_WARN_UNREACHABLE_CODE = YES;
				CLANG_WARN__DUPLICATE_METHOD_MATCH = YES;
				CODE_SIGN_IDENTITY = "-";
				COPY_PHASE_STRIP = NO;
				DEBUG_INFORMATION_FORMAT = "dwarf-with-dsym";
				ENABLE_NS_ASSERTIONS = NO;
				ENABLE_STRICT_OBJC_MSGSEND = YES;
				GCC_C_LANGUAGE_STANDARD = gnu99;
				GCC_NO_COMMON_BLOCKS = YES;
				GCC_WARN_64_TO_32_BIT_CONVERSION = YES;
				GCC_WARN_ABOUT_RETURN_TYPE = YES_ERROR;
				GCC_WARN_UNDECLARED_SELECTOR = YES;
				GCC_WARN_UNINITIALIZED_AUTOS = YES_AGGRESSIVE;
				GCC_WARN_UNUSED_FUNCTION = YES;
				GCC_WARN_UNUSED_VARIABLE = YES;
				MACOSX_DEPLOYMENT_TARGET = 10.10;
				MTL_ENABLE_DEBUG_INFO = NO;
				SDKROOT = macosx;
			};
			name = Release;
		};
		54899CEB1B20D5BC00647101 /* Debug */ = {
			isa = XCBuildConfiguration;
			buildSettings = {
				ASSETCATALOG_COMPILER_APPICON_NAME = AppIcon;
				COMBINE_HIDPI_IMAGES = YES;
				INFOPLIST_FILE = Finicky/Info.plist;
				LD_RUNPATH_SEARCH_PATHS = "$(inherited) @executable_path/../Frameworks";
				PRODUCT_NAME = "$(TARGET_NAME)";
			};
			name = Debug;
		};
		54899CEC1B20D5BC00647101 /* Release */ = {
			isa = XCBuildConfiguration;
			buildSettings = {
				ASSETCATALOG_COMPILER_APPICON_NAME = AppIcon;
				COMBINE_HIDPI_IMAGES = YES;
				INFOPLIST_FILE = Finicky/Info.plist;
				LD_RUNPATH_SEARCH_PATHS = "$(inherited) @executable_path/../Frameworks";
				PRODUCT_NAME = "$(TARGET_NAME)";
			};
			name = Release;
		};
		54899CEE1B20D5BC00647101 /* Debug */ = {
			isa = XCBuildConfiguration;
			buildSettings = {
				BUNDLE_LOADER = "$(TEST_HOST)";
				COMBINE_HIDPI_IMAGES = YES;
				FRAMEWORK_SEARCH_PATHS = (
					"$(DEVELOPER_FRAMEWORKS_DIR)",
					"$(inherited)",
				);
				GCC_PREPROCESSOR_DEFINITIONS = (
					"DEBUG=1",
					"$(inherited)",
				);
				INFOPLIST_FILE = FinickyTests/Info.plist;
				LD_RUNPATH_SEARCH_PATHS = "$(inherited) @executable_path/../Frameworks @loader_path/../Frameworks";
				PRODUCT_NAME = "$(TARGET_NAME)";
				TEST_HOST = "$(BUILT_PRODUCTS_DIR)/Finicky.app/Contents/MacOS/Finicky";
			};
			name = Debug;
		};
		54899CEF1B20D5BC00647101 /* Release */ = {
			isa = XCBuildConfiguration;
			buildSettings = {
				BUNDLE_LOADER = "$(TEST_HOST)";
				COMBINE_HIDPI_IMAGES = YES;
				FRAMEWORK_SEARCH_PATHS = (
					"$(DEVELOPER_FRAMEWORKS_DIR)",
					"$(inherited)",
				);
				INFOPLIST_FILE = FinickyTests/Info.plist;
				LD_RUNPATH_SEARCH_PATHS = "$(inherited) @executable_path/../Frameworks @loader_path/../Frameworks";
				PRODUCT_NAME = "$(TARGET_NAME)";
				TEST_HOST = "$(BUILT_PRODUCTS_DIR)/Finicky.app/Contents/MacOS/Finicky";
			};
			name = Release;
		};
/* End XCBuildConfiguration section */

/* Begin XCConfigurationList section */
		54899CCB1B20D5BC00647101 /* Build configuration list for PBXProject "Finicky" */ = {
			isa = XCConfigurationList;
			buildConfigurations = (
				54899CE81B20D5BC00647101 /* Debug */,
				54899CE91B20D5BC00647101 /* Release */,
			);
			defaultConfigurationIsVisible = 0;
			defaultConfigurationName = Release;
		};
		54899CEA1B20D5BC00647101 /* Build configuration list for PBXNativeTarget "Finicky" */ = {
			isa = XCConfigurationList;
			buildConfigurations = (
				54899CEB1B20D5BC00647101 /* Debug */,
				54899CEC1B20D5BC00647101 /* Release */,
			);
			defaultConfigurationIsVisible = 0;
			defaultConfigurationName = Release;
		};
		54899CED1B20D5BC00647101 /* Build configuration list for PBXNativeTarget "FinickyTests" */ = {
			isa = XCConfigurationList;
			buildConfigurations = (
				54899CEE1B20D5BC00647101 /* Debug */,
				54899CEF1B20D5BC00647101 /* Release */,
			);
			defaultConfigurationIsVisible = 0;
			defaultConfigurationName = Release;
		};
/* End XCConfigurationList section */
	};
	rootObject = 54899CC81B20D5BC00647101 /* Project object */;
}
