// !$*UTF8*$!
{
	archiveVersion = 1;
	classes = {
	};
	objectVersion = 46;
	objects = {

/* Begin PBXBuildFile section */
		522F811425C45D0800643AF9 /* Application.swift in Sources */ = {isa = PBXBuildFile; fileRef = 522F811325C45D0800643AF9 /* Application.swift */; };
		54121CB922D8D8270020A69C /* finickyConfigAPI.js in Resources */ = {isa = PBXBuildFile; fileRef = 54121CB822D8D8270020A69C /* finickyConfigAPI.js */; };
		5443523E229DA01B00307E21 /* statusitemerror@2x.png in Resources */ = {isa = PBXBuildFile; fileRef = 5443523D229DA01B00307E21 /* statusitemerror@2x.png */; };
		54435240229DB9E800307E21 /* statusitemerror.png in Resources */ = {isa = PBXBuildFile; fileRef = 5443523F229DB9E800307E21 /* statusitemerror.png */; };
		544B57891B28B87900812908 /* statusitem.png in Resources */ = {isa = PBXBuildFile; fileRef = 544B57871B28B87900812908 /* statusitem.png */; };
		544B578A1B28B87900812908 /* statusitem@2x.png in Resources */ = {isa = PBXBuildFile; fileRef = 544B57881B28B87900812908 /* statusitem@2x.png */; };
		546F1678228B487F006C5375 /* Utilities.swift in Sources */ = {isa = PBXBuildFile; fileRef = 546F1677228B487F006C5375 /* Utilities.swift */; };
		5479FDD421655A3400D15A3C /* Notifications.swift in Sources */ = {isa = PBXBuildFile; fileRef = 5479FDD321655A3400D15A3C /* Notifications.swift */; };
		54899CD61B20D5BC00647101 /* AppDelegate.swift in Sources */ = {isa = PBXBuildFile; fileRef = 54899CD51B20D5BC00647101 /* AppDelegate.swift */; };
		54899CD81B20D5BC00647101 /* Images.xcassets in Resources */ = {isa = PBXBuildFile; fileRef = 54899CD71B20D5BC00647101 /* Images.xcassets */; };
		54899CDB1B20D5BC00647101 /* MainMenu.xib in Resources */ = {isa = PBXBuildFile; fileRef = 54899CD91B20D5BC00647101 /* MainMenu.xib */; };
		54899CF11B20D5CC00647101 /* JavaScriptCore.framework in Frameworks */ = {isa = PBXBuildFile; fileRef = 54899CF01B20D5CC00647101 /* JavaScriptCore.framework */; };
		54899CF31B20D5D100647101 /* Cocoa.framework in Frameworks */ = {isa = PBXBuildFile; fileRef = 54899CF21B20D5D100647101 /* Cocoa.framework */; };
		548F11CC1B2A39F800FDDC3C /* finicky.icns in Resources */ = {isa = PBXBuildFile; fileRef = 548F11CB1B2A39F800FDDC3C /* finicky.icns */; };
		548F11CE1B2A43F700FDDC3C /* API.swift in Sources */ = {isa = PBXBuildFile; fileRef = 548F11CD1B2A43F700FDDC3C /* API.swift */; };
		54B0E7031B4678CE003F8AEE /* ShortUrlResolver.swift in Sources */ = {isa = PBXBuildFile; fileRef = 54B0E7021B4678CE003F8AEE /* ShortUrlResolver.swift */; };
		54B12879229C59EC00990D0D /* AppDescriptor.swift in Sources */ = {isa = PBXBuildFile; fileRef = 54B12878229C59EC00990D0D /* AppDescriptor.swift */; };
		54B5771622860D0B0016BF77 /* Credits.rtf in Resources */ = {isa = PBXBuildFile; fileRef = 54B5771522860D0B0016BF77 /* Credits.rtf */; };
		54C2F15B22BEC9BC00B3E2C3 /* Browsers.swift in Sources */ = {isa = PBXBuildFile; fileRef = 54C2F15A22BEC9BC00B3E2C3 /* Browsers.swift */; };
		54C6DECF22A793D300341DC6 /* FinickyUnitTests.swift in Sources */ = {isa = PBXBuildFile; fileRef = 54C6DECE22A793D300341DC6 /* FinickyUnitTests.swift */; };
		54E33FD71B24E27000998E13 /* Config.swift in Sources */ = {isa = PBXBuildFile; fileRef = 54E33FD61B24E27000998E13 /* Config.swift */; };
		54E4B1EB22971F7B002FA6F4 /* UpdateCheck.swift in Sources */ = {isa = PBXBuildFile; fileRef = 54E4B1EA22971F7B002FA6F4 /* UpdateCheck.swift */; };
		54FD9F562455A9A600217E30 /* Battery.swift in Sources */ = {isa = PBXBuildFile; fileRef = 54FD9F552455A9A600217E30 /* Battery.swift */; };
		7804C1542433F40800E595D9 /* Fixtures in Resources */ = {isa = PBXBuildFile; fileRef = 7804C1532433F40700E595D9 /* Fixtures */; };
		E3B53D6F253F957700F4CB19 /* defaultConfig.js in Resources */ = {isa = PBXBuildFile; fileRef = E3B53D6E253F957700F4CB19 /* defaultConfig.js */; };
		E3B53D7A253F97FC00F4CB19 /* Settings.swift in Sources */ = {isa = PBXBuildFile; fileRef = E3B53D72253F975700F4CB19 /* Settings.swift */; };
/* End PBXBuildFile section */

/* Begin PBXContainerItemProxy section */
		54899CE11B20D5BC00647101 /* PBXContainerItemProxy */ = {
			isa = PBXContainerItemProxy;
			containerPortal = 54899CC81B20D5BC00647101 /* Project object */;
			proxyType = 1;
			remoteGlobalIDString = 54899CCF1B20D5BC00647101;
			remoteInfo = Finicky;
		};
/* End PBXContainerItemProxy section */

/* Begin PBXFileReference section */
		522F811325C45D0800643AF9 /* Application.swift */ = {isa = PBXFileReference; lastKnownFileType = sourcecode.swift; path = Application.swift; sourceTree = "<group>"; };
		52B32464249140A000A84F7F /* Finicky.entitlements */ = {isa = PBXFileReference; lastKnownFileType = text.plist.entitlements; path = Finicky.entitlements; sourceTree = "<group>"; };
		54121CB822D8D8270020A69C /* finickyConfigAPI.js */ = {isa = PBXFileReference; fileEncoding = 4; lastKnownFileType = sourcecode.javascript; path = finickyConfigAPI.js; sourceTree = "<group>"; };
		5443523D229DA01B00307E21 /* statusitemerror@2x.png */ = {isa = PBXFileReference; lastKnownFileType = image.png; path = "statusitemerror@2x.png"; sourceTree = "<group>"; };
		5443523F229DB9E800307E21 /* statusitemerror.png */ = {isa = PBXFileReference; lastKnownFileType = image.png; path = statusitemerror.png; sourceTree = "<group>"; };
		544B57871B28B87900812908 /* statusitem.png */ = {isa = PBXFileReference; lastKnownFileType = image.png; path = statusitem.png; sourceTree = "<group>"; };
		544B57881B28B87900812908 /* statusitem@2x.png */ = {isa = PBXFileReference; lastKnownFileType = image.png; path = "statusitem@2x.png"; sourceTree = "<group>"; };
		546F1677228B487F006C5375 /* Utilities.swift */ = {isa = PBXFileReference; lastKnownFileType = sourcecode.swift; path = Utilities.swift; sourceTree = "<group>"; };
		5479FDD321655A3400D15A3C /* Notifications.swift */ = {isa = PBXFileReference; lastKnownFileType = sourcecode.swift; path = Notifications.swift; sourceTree = "<group>"; };
		548376AB2360C7D100834B68 /* Finicky-Bridging-Header.h */ = {isa = PBXFileReference; lastKnownFileType = sourcecode.c.h; path = "Finicky-Bridging-Header.h"; sourceTree = "<group>"; };
		54899CD01B20D5BC00647101 /* Finicky.app */ = {isa = PBXFileReference; explicitFileType = wrapper.application; includeInIndex = 0; path = Finicky.app; sourceTree = BUILT_PRODUCTS_DIR; };
		54899CD41B20D5BC00647101 /* Info.plist */ = {isa = PBXFileReference; lastKnownFileType = text.plist.xml; path = Info.plist; sourceTree = "<group>"; };
		54899CD51B20D5BC00647101 /* AppDelegate.swift */ = {isa = PBXFileReference; lastKnownFileType = sourcecode.swift; path = AppDelegate.swift; sourceTree = "<group>"; };
		54899CD71B20D5BC00647101 /* Images.xcassets */ = {isa = PBXFileReference; lastKnownFileType = folder.assetcatalog; path = Images.xcassets; sourceTree = "<group>"; };
		54899CDA1B20D5BC00647101 /* Base */ = {isa = PBXFileReference; lastKnownFileType = file.xib; name = Base; path = Base.lproj/MainMenu.xib; sourceTree = "<group>"; };
		54899CE01B20D5BC00647101 /* FinickyTests.xctest */ = {isa = PBXFileReference; explicitFileType = wrapper.cfbundle; includeInIndex = 0; path = FinickyTests.xctest; sourceTree = BUILT_PRODUCTS_DIR; };
		54899CE51B20D5BC00647101 /* Info.plist */ = {isa = PBXFileReference; lastKnownFileType = text.plist.xml; path = Info.plist; sourceTree = "<group>"; };
		54899CF01B20D5CC00647101 /* JavaScriptCore.framework */ = {isa = PBXFileReference; lastKnownFileType = wrapper.framework; name = JavaScriptCore.framework; path = System/Library/Frameworks/JavaScriptCore.framework; sourceTree = SDKROOT; };
		54899CF21B20D5D100647101 /* Cocoa.framework */ = {isa = PBXFileReference; lastKnownFileType = wrapper.framework; name = Cocoa.framework; path = System/Library/Frameworks/Cocoa.framework; sourceTree = SDKROOT; };
		548F11CB1B2A39F800FDDC3C /* finicky.icns */ = {isa = PBXFileReference; lastKnownFileType = image.icns; path = finicky.icns; sourceTree = "<group>"; };
		548F11CD1B2A43F700FDDC3C /* API.swift */ = {isa = PBXFileReference; fileEncoding = 4; lastKnownFileType = sourcecode.swift; path = API.swift; sourceTree = "<group>"; };
		54B0E7021B4678CE003F8AEE /* ShortUrlResolver.swift */ = {isa = PBXFileReference; fileEncoding = 4; lastKnownFileType = sourcecode.swift; path = ShortUrlResolver.swift; sourceTree = "<group>"; };
		54B12878229C59EC00990D0D /* AppDescriptor.swift */ = {isa = PBXFileReference; lastKnownFileType = sourcecode.swift; path = AppDescriptor.swift; sourceTree = "<group>"; };
		54B5771522860D0B0016BF77 /* Credits.rtf */ = {isa = PBXFileReference; lastKnownFileType = text.rtf; path = Credits.rtf; sourceTree = "<group>"; };
		54C2F15A22BEC9BC00B3E2C3 /* Browsers.swift */ = {isa = PBXFileReference; lastKnownFileType = sourcecode.swift; path = Browsers.swift; sourceTree = "<group>"; };
		54C6DECE22A793D300341DC6 /* FinickyUnitTests.swift */ = {isa = PBXFileReference; lastKnownFileType = sourcecode.swift; path = FinickyUnitTests.swift; sourceTree = "<group>"; };
		54E33FD61B24E27000998E13 /* Config.swift */ = {isa = PBXFileReference; fileEncoding = 4; lastKnownFileType = sourcecode.swift; path = Config.swift; sourceTree = "<group>"; };
		54E4B1EA22971F7B002FA6F4 /* UpdateCheck.swift */ = {isa = PBXFileReference; lastKnownFileType = sourcecode.swift; path = UpdateCheck.swift; sourceTree = "<group>"; };
		54FD9F552455A9A600217E30 /* Battery.swift */ = {isa = PBXFileReference; lastKnownFileType = sourcecode.swift; path = Battery.swift; sourceTree = "<group>"; };
		7804C1532433F40700E595D9 /* Fixtures */ = {isa = PBXFileReference; lastKnownFileType = folder; path = Fixtures; sourceTree = "<group>"; };
		E3B53D6E253F957700F4CB19 /* defaultConfig.js */ = {isa = PBXFileReference; lastKnownFileType = sourcecode.javascript; path = defaultConfig.js; sourceTree = "<group>"; };
		E3B53D72253F975700F4CB19 /* Settings.swift */ = {isa = PBXFileReference; lastKnownFileType = sourcecode.swift; path = Settings.swift; sourceTree = "<group>"; };
/* End PBXFileReference section */

/* Begin PBXFrameworksBuildPhase section */
		54899CCD1B20D5BC00647101 /* Frameworks */ = {
			isa = PBXFrameworksBuildPhase;
			buildActionMask = 2147483647;
			files = (
				54899CF31B20D5D100647101 /* Cocoa.framework in Frameworks */,
				54899CF11B20D5CC00647101 /* JavaScriptCore.framework in Frameworks */,
			);
			runOnlyForDeploymentPostprocessing = 0;
		};
		54899CDD1B20D5BC00647101 /* Frameworks */ = {
			isa = PBXFrameworksBuildPhase;
			buildActionMask = 2147483647;
			files = (
			);
			runOnlyForDeploymentPostprocessing = 0;
		};
/* End PBXFrameworksBuildPhase section */

/* Begin PBXGroup section */
		54899CC71B20D5BC00647101 = {
			isa = PBXGroup;
			children = (
				54899CD21B20D5BC00647101 /* Finicky */,
				54899CE31B20D5BC00647101 /* FinickyTests */,
				54899CD11B20D5BC00647101 /* Products */,
				54899CF41B20D5E800647101 /* Frameworks */,
			);
			sourceTree = "<group>";
		};
		54899CD11B20D5BC00647101 /* Products */ = {
			isa = PBXGroup;
			children = (
				54899CD01B20D5BC00647101 /* Finicky.app */,
				54899CE01B20D5BC00647101 /* FinickyTests.xctest */,
			);
			name = Products;
			sourceTree = "<group>";
		};
		54899CD21B20D5BC00647101 /* Finicky */ = {
			isa = PBXGroup;
			children = (
				52B32464249140A000A84F7F /* Finicky.entitlements */,
				548376AB2360C7D100834B68 /* Finicky-Bridging-Header.h */,
				54CBA90D22A5C7EA0074A67F /* js */,
				54899CD51B20D5BC00647101 /* AppDelegate.swift */,
				522F811325C45D0800643AF9 /* Application.swift */,
				54899CD91B20D5BC00647101 /* MainMenu.xib */,
				54899CD31B20D5BC00647101 /* Supporting Files */,
				54E33FD61B24E27000998E13 /* Config.swift */,
				548F11CD1B2A43F700FDDC3C /* API.swift */,
				54B0E7021B4678CE003F8AEE /* ShortUrlResolver.swift */,
				5479FDD321655A3400D15A3C /* Notifications.swift */,
				54B5771522860D0B0016BF77 /* Credits.rtf */,
				546F1677228B487F006C5375 /* Utilities.swift */,
				54B12878229C59EC00990D0D /* AppDescriptor.swift */,
				54E4B1EA22971F7B002FA6F4 /* UpdateCheck.swift */,
				54C2F15A22BEC9BC00B3E2C3 /* Browsers.swift */,
				54FD9F552455A9A600217E30 /* Battery.swift */,
				E3B53D72253F975700F4CB19 /* Settings.swift */,
			);
			path = Finicky;
			sourceTree = "<group>";
		};
		54899CD31B20D5BC00647101 /* Supporting Files */ = {
			isa = PBXGroup;
			children = (
				5443523F229DB9E800307E21 /* statusitemerror.png */,
				5443523D229DA01B00307E21 /* statusitemerror@2x.png */,
				54899CD71B20D5BC00647101 /* Images.xcassets */,
				548F11CB1B2A39F800FDDC3C /* finicky.icns */,
				544B57871B28B87900812908 /* statusitem.png */,
				544B57881B28B87900812908 /* statusitem@2x.png */,
				54899CD41B20D5BC00647101 /* Info.plist */,
			);
			name = "Supporting Files";
			sourceTree = "<group>";
		};
		54899CE31B20D5BC00647101 /* FinickyTests */ = {
			isa = PBXGroup;
			children = (
				54899CE41B20D5BC00647101 /* Supporting Files */,
				7804C1532433F40700E595D9 /* Fixtures */,
				54C6DECE22A793D300341DC6 /* FinickyUnitTests.swift */,
			);
			path = FinickyTests;
			sourceTree = "<group>";
		};
		54899CE41B20D5BC00647101 /* Supporting Files */ = {
			isa = PBXGroup;
			children = (
				54899CE51B20D5BC00647101 /* Info.plist */,
			);
			name = "Supporting Files";
			sourceTree = "<group>";
		};
		54899CF41B20D5E800647101 /* Frameworks */ = {
			isa = PBXGroup;
			children = (
				54899CF01B20D5CC00647101 /* JavaScriptCore.framework */,
				54899CF21B20D5D100647101 /* Cocoa.framework */,
			);
			name = Frameworks;
			sourceTree = "<group>";
		};
		54CBA90D22A5C7EA0074A67F /* js */ = {
			isa = PBXGroup;
			children = (
				54121CB822D8D8270020A69C /* finickyConfigAPI.js */,
				E3B53D6E253F957700F4CB19 /* defaultConfig.js */,
			);
			name = js;
			sourceTree = "<group>";
		};
/* End PBXGroup section */

/* Begin PBXNativeTarget section */
		54899CCF1B20D5BC00647101 /* Finicky */ = {
			isa = PBXNativeTarget;
			buildConfigurationList = 54899CEA1B20D5BC00647101 /* Build configuration list for PBXNativeTarget "Finicky" */;
			buildPhases = (
				54899CCC1B20D5BC00647101 /* Sources */,
				54899CCD1B20D5BC00647101 /* Frameworks */,
				54899CCE1B20D5BC00647101 /* Resources */,
				54DD12C722989E1000D5D2BF /* ShellScript */,
			);
			buildRules = (
			);
			dependencies = (
			);
			name = Finicky;
			productName = Finicky;
			productReference = 54899CD01B20D5BC00647101 /* Finicky.app */;
			productType = "com.apple.product-type.application";
		};
		54899CDF1B20D5BC00647101 /* FinickyTests */ = {
			isa = PBXNativeTarget;
			buildConfigurationList = 54899CED1B20D5BC00647101 /* Build configuration list for PBXNativeTarget "FinickyTests" */;
			buildPhases = (
				54899CDC1B20D5BC00647101 /* Sources */,
				54899CDD1B20D5BC00647101 /* Frameworks */,
				54899CDE1B20D5BC00647101 /* Resources */,
			);
			buildRules = (
			);
			dependencies = (
				54899CE21B20D5BC00647101 /* PBXTargetDependency */,
			);
			name = FinickyTests;
			productName = FinickyTests;
			productReference = 54899CE01B20D5BC00647101 /* FinickyTests.xctest */;
			productType = "com.apple.product-type.bundle.unit-test";
		};
/* End PBXNativeTarget section */

/* Begin PBXProject section */
		54899CC81B20D5BC00647101 /* Project object */ = {
			isa = PBXProject;
			attributes = {
				LastSwiftMigration = 0730;
				LastSwiftUpdateCheck = 0730;
				LastUpgradeCheck = 1220;
				ORGANIZATIONNAME = "John sterling";
				TargetAttributes = {
					54899CCF1B20D5BC00647101 = {
						CreatedOnToolsVersion = 6.3;
						DevelopmentTeam = C3XWNKDP3M;
						LastSwiftMigration = 1020;
						ProvisioningStyle = Automatic;
					};
					54899CDF1B20D5BC00647101 = {
						CreatedOnToolsVersion = 6.3;
						DevelopmentTeam = C3XWNKDP3M;
						LastSwiftMigration = 1020;
						ProvisioningStyle = Automatic;
						TestTargetID = 54899CCF1B20D5BC00647101;
					};
				};
			};
			buildConfigurationList = 54899CCB1B20D5BC00647101 /* Build configuration list for PBXProject "Finicky" */;
			compatibilityVersion = "Xcode 3.2";
			developmentRegion = en;
			hasScannedForEncodings = 0;
			knownRegions = (
				en,
				Base,
			);
			mainGroup = 54899CC71B20D5BC00647101;
			productRefGroup = 54899CD11B20D5BC00647101 /* Products */;
			projectDirPath = "";
			projectRoot = "";
			targets = (
				54899CCF1B20D5BC00647101 /* Finicky */,
				54899CDF1B20D5BC00647101 /* FinickyTests */,
			);
		};
/* End PBXProject section */

/* Begin PBXResourcesBuildPhase section */
		54899CCE1B20D5BC00647101 /* Resources */ = {
			isa = PBXResourcesBuildPhase;
			buildActionMask = 2147483647;
			files = (
				54B5771622860D0B0016BF77 /* Credits.rtf in Resources */,
				544B57891B28B87900812908 /* statusitem.png in Resources */,
				54435240229DB9E800307E21 /* statusitemerror.png in Resources */,
				5443523E229DA01B00307E21 /* statusitemerror@2x.png in Resources */,
				E3B53D6F253F957700F4CB19 /* defaultConfig.js in Resources */,
				544B578A1B28B87900812908 /* statusitem@2x.png in Resources */,
				548F11CC1B2A39F800FDDC3C /* finicky.icns in Resources */,
				54899CD81B20D5BC00647101 /* Images.xcassets in Resources */,
				54121CB922D8D8270020A69C /* finickyConfigAPI.js in Resources */,
				54899CDB1B20D5BC00647101 /* MainMenu.xib in Resources */,
			);
			runOnlyForDeploymentPostprocessing = 0;
		};
		54899CDE1B20D5BC00647101 /* Resources */ = {
			isa = PBXResourcesBuildPhase;
			buildActionMask = 2147483647;
			files = (
				7804C1542433F40800E595D9 /* Fixtures in Resources */,
			);
			runOnlyForDeploymentPostprocessing = 0;
		};
/* End PBXResourcesBuildPhase section */

/* Begin PBXShellScriptBuildPhase section */
		54DD12C722989E1000D5D2BF /* ShellScript */ = {
			isa = PBXShellScriptBuildPhase;
			buildActionMask = 2147483647;
			files = (
			);
			inputFileListPaths = (
			);
			inputPaths = (
			);
			outputFileListPaths = (
			);
			outputPaths = (
			);
			runOnlyForDeploymentPostprocessing = 0;
			shellPath = /bin/sh;
			shellScript = "#Update build number with number of git commits if in release mode\nif [ ${CONFIGURATION} == \"Release\" ]; then\nbuildNumber=$(git rev-list HEAD | wc -l | tr -d ' ')\n/usr/libexec/PlistBuddy -c \"Set :CFBundleVersion $buildNumber\" \"${PROJECT_DIR}/${INFOPLIST_FILE}\"\nfi;\n";
		};
/* End PBXShellScriptBuildPhase section */

/* Begin PBXSourcesBuildPhase section */
		54899CCC1B20D5BC00647101 /* Sources */ = {
			isa = PBXSourcesBuildPhase;
			buildActionMask = 2147483647;
			files = (
				546F1678228B487F006C5375 /* Utilities.swift in Sources */,
				5479FDD421655A3400D15A3C /* Notifications.swift in Sources */,
				54B12879229C59EC00990D0D /* AppDescriptor.swift in Sources */,
				54C2F15B22BEC9BC00B3E2C3 /* Browsers.swift in Sources */,
				54E33FD71B24E27000998E13 /* Config.swift in Sources */,
				54FD9F562455A9A600217E30 /* Battery.swift in Sources */,
				54899CD61B20D5BC00647101 /* AppDelegate.swift in Sources */,
				54B0E7031B4678CE003F8AEE /* ShortUrlResolver.swift in Sources */,
				54E4B1EB22971F7B002FA6F4 /* UpdateCheck.swift in Sources */,
				E3B53D7A253F97FC00F4CB19 /* Settings.swift in Sources */,
				548F11CE1B2A43F700FDDC3C /* API.swift in Sources */,
				522F811425C45D0800643AF9 /* Application.swift in Sources */,
			);
			runOnlyForDeploymentPostprocessing = 0;
		};
		54899CDC1B20D5BC00647101 /* Sources */ = {
			isa = PBXSourcesBuildPhase;
			buildActionMask = 2147483647;
			files = (
				54C6DECF22A793D300341DC6 /* FinickyUnitTests.swift in Sources */,
			);
			runOnlyForDeploymentPostprocessing = 0;
		};
/* End PBXSourcesBuildPhase section */

/* Begin PBXTargetDependency section */
		54899CE21B20D5BC00647101 /* PBXTargetDependency */ = {
			isa = PBXTargetDependency;
			target = 54899CCF1B20D5BC00647101 /* Finicky */;
			targetProxy = 54899CE11B20D5BC00647101 /* PBXContainerItemProxy */;
		};
/* End PBXTargetDependency section */

/* Begin PBXVariantGroup section */
		54899CD91B20D5BC00647101 /* MainMenu.xib */ = {
			isa = PBXVariantGroup;
			children = (
				54899CDA1B20D5BC00647101 /* Base */,
			);
			name = MainMenu.xib;
			sourceTree = "<group>";
		};
/* End PBXVariantGroup section */

/* Begin XCBuildConfiguration section */
		54899CE81B20D5BC00647101 /* Debug */ = {
			isa = XCBuildConfiguration;
			buildSettings = {
				ALWAYS_SEARCH_USER_PATHS = NO;
				CLANG_ANALYZER_LOCALIZABILITY_NONLOCALIZED = YES;
				CLANG_CXX_LANGUAGE_STANDARD = "gnu++0x";
				CLANG_CXX_LIBRARY = "libc++";
				CLANG_ENABLE_MODULES = YES;
				CLANG_ENABLE_OBJC_ARC = YES;
				CLANG_WARN_BLOCK_CAPTURE_AUTORELEASING = YES;
				CLANG_WARN_BOOL_CONVERSION = YES;
				CLANG_WARN_COMMA = YES;
				CLANG_WARN_CONSTANT_CONVERSION = YES;
				CLANG_WARN_DEPRECATED_OBJC_IMPLEMENTATIONS = YES;
				CLANG_WARN_DIRECT_OBJC_ISA_USAGE = YES_ERROR;
				CLANG_WARN_EMPTY_BODY = YES;
				CLANG_WARN_ENUM_CONVERSION = YES;
				CLANG_WARN_INFINITE_RECURSION = YES;
				CLANG_WARN_INT_CONVERSION = YES;
				CLANG_WARN_NON_LITERAL_NULL_CONVERSION = YES;
				CLANG_WARN_OBJC_IMPLICIT_RETAIN_SELF = YES;
				CLANG_WARN_OBJC_LITERAL_CONVERSION = YES;
				CLANG_WARN_OBJC_ROOT_CLASS = YES_ERROR;
				CLANG_WARN_QUOTED_INCLUDE_IN_FRAMEWORK_HEADER = YES;
				CLANG_WARN_RANGE_LOOP_ANALYSIS = YES;
				CLANG_WARN_STRICT_PROTOTYPES = YES;
				CLANG_WARN_SUSPICIOUS_MOVE = YES;
				CLANG_WARN_UNREACHABLE_CODE = YES;
				CLANG_WARN__DUPLICATE_METHOD_MATCH = YES;
				CODE_SIGN_IDENTITY = "Apple Development";
				COPY_PHASE_STRIP = NO;
				DEBUG_INFORMATION_FORMAT = dwarf;
				ENABLE_HARDENED_RUNTIME = YES;
				ENABLE_STRICT_OBJC_MSGSEND = YES;
				ENABLE_TESTABILITY = YES;
				GCC_C_LANGUAGE_STANDARD = gnu99;
				GCC_DYNAMIC_NO_PIC = NO;
				GCC_NO_COMMON_BLOCKS = YES;
				GCC_OPTIMIZATION_LEVEL = 0;
				GCC_PREPROCESSOR_DEFINITIONS = (
					"DEBUG=1",
					"$(inherited)",
				);
				GCC_SYMBOLS_PRIVATE_EXTERN = NO;
				GCC_WARN_64_TO_32_BIT_CONVERSION = YES;
				GCC_WARN_ABOUT_RETURN_TYPE = YES_ERROR;
				GCC_WARN_UNDECLARED_SELECTOR = YES;
				GCC_WARN_UNINITIALIZED_AUTOS = YES_AGGRESSIVE;
				GCC_WARN_UNUSED_FUNCTION = YES;
				GCC_WARN_UNUSED_VARIABLE = YES;
				MACOSX_DEPLOYMENT_TARGET = 10.14;
				MTL_ENABLE_DEBUG_INFO = YES;
				ONLY_ACTIVE_ARCH = YES;
				SDKROOT = macosx;
				SWIFT_OPTIMIZATION_LEVEL = "-Onone";
				SWIFT_VERSION = 4.0;
			};
			name = Debug;
		};
		54899CE91B20D5BC00647101 /* Release */ = {
			isa = XCBuildConfiguration;
			buildSettings = {
				ALWAYS_SEARCH_USER_PATHS = NO;
				CLANG_ANALYZER_LOCALIZABILITY_NONLOCALIZED = YES;
				CLANG_CXX_LANGUAGE_STANDARD = "gnu++0x";
				CLANG_CXX_LIBRARY = "libc++";
				CLANG_ENABLE_MODULES = YES;
				CLANG_ENABLE_OBJC_ARC = YES;
				CLANG_WARN_BLOCK_CAPTURE_AUTORELEASING = YES;
				CLANG_WARN_BOOL_CONVERSION = YES;
				CLANG_WARN_COMMA = YES;
				CLANG_WARN_CONSTANT_CONVERSION = YES;
				CLANG_WARN_DEPRECATED_OBJC_IMPLEMENTATIONS = YES;
				CLANG_WARN_DIRECT_OBJC_ISA_USAGE = YES_ERROR;
				CLANG_WARN_EMPTY_BODY = YES;
				CLANG_WARN_ENUM_CONVERSION = YES;
				CLANG_WARN_INFINITE_RECURSION = YES;
				CLANG_WARN_INT_CONVERSION = YES;
				CLANG_WARN_NON_LITERAL_NULL_CONVERSION = YES;
				CLANG_WARN_OBJC_IMPLICIT_RETAIN_SELF = YES;
				CLANG_WARN_OBJC_LITERAL_CONVERSION = YES;
				CLANG_WARN_OBJC_ROOT_CLASS = YES_ERROR;
				CLANG_WARN_QUOTED_INCLUDE_IN_FRAMEWORK_HEADER = YES;
				CLANG_WARN_RANGE_LOOP_ANALYSIS = YES;
				CLANG_WARN_STRICT_PROTOTYPES = YES;
				CLANG_WARN_SUSPICIOUS_MOVE = YES;
				CLANG_WARN_UNREACHABLE_CODE = YES;
				CLANG_WARN__DUPLICATE_METHOD_MATCH = YES;
				CODE_SIGN_IDENTITY = "Apple Development";
				COPY_PHASE_STRIP = NO;
				DEBUG_INFORMATION_FORMAT = "dwarf-with-dsym";
				ENABLE_HARDENED_RUNTIME = YES;
				ENABLE_NS_ASSERTIONS = NO;
				ENABLE_STRICT_OBJC_MSGSEND = YES;
				GCC_C_LANGUAGE_STANDARD = gnu99;
				GCC_NO_COMMON_BLOCKS = YES;
				GCC_WARN_64_TO_32_BIT_CONVERSION = YES;
				GCC_WARN_ABOUT_RETURN_TYPE = YES_ERROR;
				GCC_WARN_UNDECLARED_SELECTOR = YES;
				GCC_WARN_UNINITIALIZED_AUTOS = YES_AGGRESSIVE;
				GCC_WARN_UNUSED_FUNCTION = YES;
				GCC_WARN_UNUSED_VARIABLE = YES;
				MACOSX_DEPLOYMENT_TARGET = 10.14;
				MTL_ENABLE_DEBUG_INFO = NO;
				SDKROOT = macosx;
				SWIFT_OPTIMIZATION_LEVEL = "-Owholemodule";
				SWIFT_VERSION = 4.0;
			};
			name = Release;
		};
		54899CEB1B20D5BC00647101 /* Debug */ = {
			isa = XCBuildConfiguration;
			buildSettings = {
				ASSETCATALOG_COMPILER_APPICON_NAME = AppIcon;
				CODE_SIGN_ENTITLEMENTS = Finicky/Finicky.entitlements;
				CODE_SIGN_IDENTITY = "Mac Developer";
				CODE_SIGN_STYLE = Automatic;
				COMBINE_HIDPI_IMAGES = YES;
				DEVELOPMENT_TEAM = C3XWNKDP3M;
				ENABLE_HARDENED_RUNTIME = YES;
				INFOPLIST_FILE = Finicky/Info.plist;
				LD_RUNPATH_SEARCH_PATHS = "$(inherited) @executable_path/../Frameworks";
				MACOSX_DEPLOYMENT_TARGET = 10.14;
				MARKETING_VERSION = v3.4.0;
				PRODUCT_BUNDLE_IDENTIFIER = net.kassett.finicky;
				PRODUCT_NAME = "$(TARGET_NAME)";
				PROVISIONING_PROFILE_SPECIFIER = "";
				SWIFT_OBJC_BRIDGING_HEADER = "Finicky/Finicky-Bridging-Header.h";
				SWIFT_VERSION = 5.0;
			};
			name = Debug;
		};
		54899CEC1B20D5BC00647101 /* Release */ = {
			isa = XCBuildConfiguration;
			buildSettings = {
				ASSETCATALOG_COMPILER_APPICON_NAME = AppIcon;
				CODE_SIGN_ENTITLEMENTS = Finicky/Finicky.entitlements;
				CODE_SIGN_IDENTITY = "Mac Developer";
				CODE_SIGN_STYLE = Automatic;
				COMBINE_HIDPI_IMAGES = YES;
				DEVELOPMENT_TEAM = C3XWNKDP3M;
				ENABLE_HARDENED_RUNTIME = YES;
				INFOPLIST_FILE = Finicky/Info.plist;
				LD_RUNPATH_SEARCH_PATHS = "$(inherited) @executable_path/../Frameworks";
				MACOSX_DEPLOYMENT_TARGET = 10.14;
				MARKETING_VERSION = v3.4.0;
				PRODUCT_BUNDLE_IDENTIFIER = net.kassett.finicky;
				PRODUCT_NAME = "$(TARGET_NAME)";
				PROVISIONING_PROFILE_SPECIFIER = "";
				SWIFT_OBJC_BRIDGING_HEADER = "Finicky/Finicky-Bridging-Header.h";
				SWIFT_VERSION = 5.0;
			};
			name = Release;
		};
		54899CEE1B20D5BC00647101 /* Debug */ = {
			isa = XCBuildConfiguration;
			buildSettings = {
				BUNDLE_LOADER = "$(TEST_HOST)";
				CODE_SIGN_IDENTITY = "Apple Development";
				CODE_SIGN_STYLE = Automatic;
				COMBINE_HIDPI_IMAGES = YES;
				DEVELOPMENT_TEAM = C3XWNKDP3M;
				FRAMEWORK_SEARCH_PATHS = (
					"$(DEVELOPER_FRAMEWORKS_DIR)",
					"$(inherited)",
				);
				GCC_PREPROCESSOR_DEFINITIONS = (
					"DEBUG=1",
					"$(inherited)",
				);
				INFOPLIST_FILE = FinickyTests/Info.plist;
				LD_RUNPATH_SEARCH_PATHS = "$(inherited) @executable_path/../Frameworks @loader_path/../Frameworks";
				MACOSX_DEPLOYMENT_TARGET = 10.12;
				PRODUCT_BUNDLE_IDENTIFIER = "net.kassett.$(PRODUCT_NAME:rfc1034identifier)";
				PRODUCT_NAME = "$(TARGET_NAME)";
				PROVISIONING_PROFILE_SPECIFIER = "";
				SWIFT_VERSION = 5.0;
				TEST_HOST = "$(BUILT_PRODUCTS_DIR)/Finicky.app/Contents/MacOS/Finicky";
			};
			name = Debug;
		};
		54899CEF1B20D5BC00647101 /* Release */ = {
			isa = XCBuildConfiguration;
			buildSettings = {
				BUNDLE_LOADER = "$(TEST_HOST)";
				CODE_SIGN_IDENTITY = "Apple Development";
				CODE_SIGN_STYLE = Automatic;
				COMBINE_HIDPI_IMAGES = YES;
				DEVELOPMENT_TEAM = C3XWNKDP3M;
				FRAMEWORK_SEARCH_PATHS = (
					"$(DEVELOPER_FRAMEWORKS_DIR)",
					"$(inherited)",
				);
				INFOPLIST_FILE = FinickyTests/Info.plist;
				LD_RUNPATH_SEARCH_PATHS = "$(inherited) @executable_path/../Frameworks @loader_path/../Frameworks";
				MACOSX_DEPLOYMENT_TARGET = 10.12;
				PRODUCT_BUNDLE_IDENTIFIER = "net.kassett.$(PRODUCT_NAME:rfc1034identifier)";
				PRODUCT_NAME = "$(TARGET_NAME)";
				PROVISIONING_PROFILE_SPECIFIER = "";
				SWIFT_VERSION = 5.0;
				TEST_HOST = "$(BUILT_PRODUCTS_DIR)/Finicky.app/Contents/MacOS/Finicky";
			};
			name = Release;
		};
/* End XCBuildConfiguration section */

/* Begin XCConfigurationList section */
		54899CCB1B20D5BC00647101 /* Build configuration list for PBXProject "Finicky" */ = {
			isa = XCConfigurationList;
			buildConfigurations = (
				54899CE81B20D5BC00647101 /* Debug */,
				54899CE91B20D5BC00647101 /* Release */,
			);
			defaultConfigurationIsVisible = 0;
			defaultConfigurationName = Release;
		};
		54899CEA1B20D5BC00647101 /* Build configuration list for PBXNativeTarget "Finicky" */ = {
			isa = XCConfigurationList;
			buildConfigurations = (
				54899CEB1B20D5BC00647101 /* Debug */,
				54899CEC1B20D5BC00647101 /* Release */,
			);
			defaultConfigurationIsVisible = 0;
			defaultConfigurationName = Release;
		};
		54899CED1B20D5BC00647101 /* Build configuration list for PBXNativeTarget "FinickyTests" */ = {
			isa = XCConfigurationList;
			buildConfigurations = (
				54899CEE1B20D5BC00647101 /* Debug */,
				54899CEF1B20D5BC00647101 /* Release */,
			);
			defaultConfigurationIsVisible = 0;
			defaultConfigurationName = Release;
		};
/* End XCConfigurationList section */
	};
	rootObject = 54899CC81B20D5BC00647101 /* Project object */;
}
